
Microsoft Visual Studio Solution File, Format Version 12.00
# Visual Studio Version 17
VisualStudioVersion = 17.11.35208.52
MinimumVisualStudioVersion = 10.0.40219.1
Project("{8BC9CEB8-8B4A-11D0-8D11-00A0C91BC942}") = "MiniAjiant", "MiniAjiant.vcxproj", "{0C25BD53-7436-44A7-AF1B-3AE8E7078772}"
EndProject
Global
	GlobalSection(SolutionConfigurationPlatforms) = preSolution
		Debug|ARM64 = Debug|ARM64
		Debug|x64 = Debug|x64
		Release|ARM64 = Release|ARM64
		Release|x64 = Release|x64
	EndGlobalSection
	GlobalSection(ProjectConfigurationPlatforms) = postSolution
		{0C25BD53-7436-44A7-AF1B-3AE8E7078772}.Debug|ARM64.ActiveCfg = Debug|ARM64
		{0C25BD53-7436-44A7-AF1B-3AE8E7078772}.Debug|ARM64.Build.0 = Debug|ARM64
		{0C25BD53-7436-44A7-AF1B-3AE8E7078772}.Debug|ARM64.Deploy.0 = Debug|ARM64
		{0C25BD53-7436-44A7-AF1B-3AE8E7078772}.Debug|x64.ActiveCfg = Debug|x64
		{0C25BD53-7436-44A7-AF1B-3AE8E7078772}.Debug|x64.Build.0 = Debug|x64
		{0C25BD53-7436-44A7-AF1B-3AE8E7078772}.Debug|x64.Deploy.0 = Debug|x64
		{0C25BD53-7436-44A7-AF1B-3AE8E7078772}.Release|ARM64.ActiveCfg = Release|ARM64
		{0C25BD53-7436-44A7-AF1B-3AE8E7078772}.Release|ARM64.Build.0 = Release|ARM64
		{0C25BD53-7436-44A7-AF1B-3AE8E7078772}.Release|ARM64.Deploy.0 = Release|ARM64
		{0C25BD53-7436-44A7-AF1B-3AE8E7078772}.Release|x64.ActiveCfg = Release|x64
		{0C25BD53-7436-44A7-AF1B-3AE8E7078772}.Release|x64.Build.0 = Release|x64
		{0C25BD53-7436-44A7-AF1B-3AE8E7078772}.Release|x64.Deploy.0 = Release|x64
	EndGlobalSection
	GlobalSection(SolutionProperties) = preSolution
		HideSolutionNode = FALSE
	EndGlobalSection
	GlobalSection(ExtensibilityGlobals) = postSolution
		SolutionGuid = {5B4AAC09-2F2A-49A2-8485-4C67377ECE73}
	EndGlobalSection
EndGlobal
