Microsoft Visual Studio Solution File, Format Version 12.00
# Visual Studio Version 17
VisualStudioVersion = 17.13.35818.85
MinimumVisualStudioVersion = 10.0.40219.1
Project("{8BC9CEB8-8B4A-11D0-8D11-00A0C91BC942}") = "DKOMUM", "DKOMUM\DKOMUM.vcxproj", "{50A67CF8-403B-4FBD-8D4D-0139F453B788}"
EndProject
Project("{8BC9CEB8-8B4A-11D0-8D11-00A0C91BC942}") = "test", "test\test.vcxproj", "{5F69A42F-D235-43DB-A091-2AA88FAE8749}"
EndProject
Project("{8BC9CEB8-8B4A-11D0-8D11-00A0C91BC942}") = "DKOM", "DKOM\DKOM.vcxproj", "{012AD4DE-AC93-677F-7EFA-BDD9B06ED632}"
EndProject
Global
	GlobalSection(SolutionConfigurationPlatforms) = preSolution
		Debug|ARM64 = Debug|ARM64
		Debug|x64 = Debug|x64
		Debug|x86 = Debug|x86
		Release|ARM64 = Release|ARM64
		Release|x64 = Release|x64
		Release|x86 = Release|x86
	EndGlobalSection
	GlobalSection(ProjectConfigurationPlatforms) = postSolution
		{50A67CF8-403B-4FBD-8D4D-0139F453B788}.Debug|ARM64.ActiveCfg = Debug|x64
		{50A67CF8-403B-4FBD-8D4D-0139F453B788}.Debug|ARM64.Build.0 = Debug|x64
		{50A67CF8-403B-4FBD-8D4D-0139F453B788}.Debug|x64.ActiveCfg = Debug|x64
		{50A67CF8-403B-4FBD-8D4D-0139F453B788}.Debug|x64.Build.0 = Debug|x64
		{50A67CF8-403B-4FBD-8D4D-0139F453B788}.Debug|x86.ActiveCfg = Debug|Win32
		{50A67CF8-403B-4FBD-8D4D-0139F453B788}.Debug|x86.Build.0 = Debug|Win32
		{50A67CF8-403B-4FBD-8D4D-0139F453B788}.Release|ARM64.ActiveCfg = Release|x64
		{50A67CF8-403B-4FBD-8D4D-0139F453B788}.Release|ARM64.Build.0 = Release|x64
		{50A67CF8-403B-4FBD-8D4D-0139F453B788}.Release|x64.ActiveCfg = Release|x64
		{50A67CF8-403B-4FBD-8D4D-0139F453B788}.Release|x64.Build.0 = Release|x64
		{50A67CF8-403B-4FBD-8D4D-0139F453B788}.Release|x86.ActiveCfg = Release|Win32
		{50A67CF8-403B-4FBD-8D4D-0139F453B788}.Release|x86.Build.0 = Release|Win32
		{5F69A42F-D235-43DB-A091-2AA88FAE8749}.Debug|ARM64.ActiveCfg = Debug|x64
		{5F69A42F-D235-43DB-A091-2AA88FAE8749}.Debug|ARM64.Build.0 = Debug|x64
		{5F69A42F-D235-43DB-A091-2AA88FAE8749}.Debug|x64.ActiveCfg = Debug|x64
		{5F69A42F-D235-43DB-A091-2AA88FAE8749}.Debug|x64.Build.0 = Debug|x64
		{5F69A42F-D235-43DB-A091-2AA88FAE8749}.Debug|x86.ActiveCfg = Debug|Win32
		{5F69A42F-D235-43DB-A091-2AA88FAE8749}.Debug|x86.Build.0 = Debug|Win32
		{5F69A42F-D235-43DB-A091-2AA88FAE8749}.Release|ARM64.ActiveCfg = Release|x64
		{5F69A42F-D235-43DB-A091-2AA88FAE8749}.Release|ARM64.Build.0 = Release|x64
		{5F69A42F-D235-43DB-A091-2AA88FAE8749}.Release|x64.ActiveCfg = Release|x64
		{5F69A42F-D235-43DB-A091-2AA88FAE8749}.Release|x64.Build.0 = Release|x64
		{5F69A42F-D235-43DB-A091-2AA88FAE8749}.Release|x86.ActiveCfg = Release|Win32
		{5F69A42F-D235-43DB-A091-2AA88FAE8749}.Release|x86.Build.0 = Release|Win32
		{012AD4DE-AC93-677F-7EFA-BDD9B06ED632}.Debug|ARM64.ActiveCfg = Debug|ARM64
		{012AD4DE-AC93-677F-7EFA-BDD9B06ED632}.Debug|ARM64.Build.0 = Debug|ARM64
		{012AD4DE-AC93-677F-7EFA-BDD9B06ED632}.Debug|ARM64.Deploy.0 = Debug|ARM64
		{012AD4DE-AC93-677F-7EFA-BDD9B06ED632}.Debug|x64.ActiveCfg = Debug|x64
		{012AD4DE-AC93-677F-7EFA-BDD9B06ED632}.Debug|x64.Build.0 = Debug|x64
		{012AD4DE-AC93-677F-7EFA-BDD9B06ED632}.Debug|x64.Deploy.0 = Debug|x64
		{012AD4DE-AC93-677F-7EFA-BDD9B06ED632}.Debug|x86.ActiveCfg = Debug|x64
		{012AD4DE-AC93-677F-7EFA-BDD9B06ED632}.Debug|x86.Build.0 = Debug|x64
		{012AD4DE-AC93-677F-7EFA-BDD9B06ED632}.Debug|x86.Deploy.0 = Debug|x64
		{012AD4DE-AC93-677F-7EFA-BDD9B06ED632}.Release|ARM64.ActiveCfg = Release|ARM64
		{012AD4DE-AC93-677F-7EFA-BDD9B06ED632}.Release|ARM64.Build.0 = Release|ARM64
		{012AD4DE-AC93-677F-7EFA-BDD9B06ED632}.Release|ARM64.Deploy.0 = Release|ARM64
		{012AD4DE-AC93-677F-7EFA-BDD9B06ED632}.Release|x64.ActiveCfg = Release|x64
		{012AD4DE-AC93-677F-7EFA-BDD9B06ED632}.Release|x64.Build.0 = Release|x64
		{012AD4DE-AC93-677F-7EFA-BDD9B06ED632}.Release|x64.Deploy.0 = Release|x64
		{012AD4DE-AC93-677F-7EFA-BDD9B06ED632}.Release|x86.ActiveCfg = Release|x64
		{012AD4DE-AC93-677F-7EFA-BDD9B06ED632}.Release|x86.Build.0 = Release|x64
		{012AD4DE-AC93-677F-7EFA-BDD9B06ED632}.Release|x86.Deploy.0 = Release|x64
	EndGlobalSection
	GlobalSection(SolutionProperties) = preSolution
		HideSolutionNode = FALSE
	EndGlobalSection
	GlobalSection(ExtensibilityGlobals) = postSolution
		SolutionGuid = {ED29A624-6966-4434-8F59-D0EDB20B814A}
	EndGlobalSection
EndGlobal
